
Microsoft Visual Studio Solution File, Format Version 12.00
# Visual Studio Version 17
VisualStudioVersion = 17.8.34330.188
MinimumVisualStudioVersion = 10.0.40219.1
Project("{FAE04EC0-301F-11D3-BF4B-00C04F79EFBC}") = "FirstApiWithCSharp", "FirstApiWithCSharp\FirstApiWithCSharp.csproj", "{C5AB5853-BE92-4142-AF3D-05AE7168744B}"
EndProject
Global
	GlobalSection(SolutionConfigurationPlatforms) = preSolution
		Debug|Any CPU = Debug|Any CPU
		Release|Any CPU = Release|Any CPU
	EndGlobalSection
	GlobalSection(ProjectConfigurationPlatforms) = postSolution
		{C5AB5853-BE92-4142-AF3D-05AE7168744B}.Debug|Any CPU.ActiveCfg = Debug|Any CPU
		{C5AB5853-BE92-4142-AF3D-05AE7168744B}.Debug|Any CPU.Build.0 = Debug|Any CPU
		{C5AB5853-BE92-4142-AF3D-05AE7168744B}.Release|Any CPU.ActiveCfg = Release|Any CPU
		{C5AB5853-BE92-4142-AF3D-05AE7168744B}.Release|Any CPU.Build.0 = Release|Any CPU
	EndGlobalSection
	GlobalSection(SolutionProperties) = preSolution
		HideSolutionNode = FALSE
	EndGlobalSection
	GlobalSection(ExtensibilityGlobals) = postSolution
		SolutionGuid = {9036DD40-F9E0-4423-873E-80FB6A9DB05C}
	EndGlobalSection
EndGlobal
